{
  "version": 4,
  "terraform_version": "0.12.29",
  "serial": 12,
  "lineage": "7b4d047f-103b-4889-98ff-afc2bf19c9ff",
  "outputs": {
    "eks_cluster_certificat_authority": {
      "value": [
        {
          "data": "LS0tLS1CRUdJTiBDRVJUSUZJQ0FURS0tLS0tCk1JSUN5RENDQWJDZ0F3SUJBZ0lCQURBTkJna3Foa2lHOXcwQkFRc0ZBREFWTVJNd0VRWURWUVFERXdwcmRXSmwKY201bGRHVnpNQjRYRFRJd01URXhNREU0TlRNeU0xb1hEVE13TVRFd09ERTROVE15TTFvd0ZURVRNQkVHQTFVRQpBeE1LYTNWaVpYSnVaWFJsY3pDQ0FTSXdEUVlKS29aSWh2Y05BUUVCQlFBRGdnRVBBRENDQVFvQ2dnRUJBTmNwCkZoNXJwaCtSZk44bVpQS2FFYzRyZnNtWnJ2K2tweGRHUHJxazdwUHA1cjcwRlZIZU55dTI1dS9XWjMzS2g4VmYKS0t6cXY3Zzk2Y2ZCUWJOamx1RmlNRk1LcEN5VTZNY0xnTGtTdEt0Tnc5YTFxOEZNRXJlN1RGa3VLR3NXMkZ6MwpibS9ETVFHNFhiNXQ4WUhvSEREdXpTbGJhcW1DakRTTEtvR3ZCQyt6Mnpid0RISGJRcXNudGdJbzNpZ1NWY1laCi9vN3dGTE5ZR2hXY09oaDcwQTlhbFdaT21EZmg3bEFZbGJQMStVQWRvUmIyOFBUN1BTcXRWbEtFK0xqTlRUM2MKZHlqaUM1Z3pLdENYM2tHeWNrZ01EVDFmTzc2TlNtYm9YZFk3OWZ0WnhoaTJuMW1qdncxMGliZUZGMkFoUTlqZAp4YWRYT1ZYZ3dkZDhHelFVY2cwQ0F3RUFBYU1qTUNFd0RnWURWUjBQQVFIL0JBUURBZ0trTUE4R0ExVWRFd0VCCi93UUZNQU1CQWY4d0RRWUpLb1pJaHZjTkFRRUxCUUFEZ2dFQkFEc3RsVTVMVThOdGpoNkh0MlFpUldHdkNPTHkKTE92U3VsYlc3eU8vUng0bk5qUklRZloxR3dMWkVtazNLV3l6MDVVM0o5SC9aV21FYkNvU3o1M0tLSHlRR3AxdQpzU1NWYmhod1lDdG9qMTM4Z2QrZldJWVJibFdTaXVkcVNrdy8wMzlvZ3FsckRoM05VS0M5REdYMTlGRzNJVHpxCjdkVGo4S2NxYllBWEtyL0RIYVFEY3FDR3p6eWh4bFdkUDJlN0M5b0YrSm9zYUROcHNuQ1VydkVXcExPZkEvblQKTkkrSnpDN1pONFNKSGxaV2Z5Q3B3UWgyR1pCWUV6RnBPeUNWZ1FFMzNWTytCemQ3Y2xVbzd2U2U1NUxESTkwdApuV1dVTmVJTnh5Z0dPOHlnT1V4b2FOTXZwSzB5SG1ldCtHWVI1aWF2S2cxd25vTVVRdlU1aDNCZG4yWT0KLS0tLS1FTkQgQ0VSVElGSUNBVEUtLS0tLQo="
        }
      ],
      "type": [
        "list",
        [
          "object",
          {
            "data": "string"
          }
        ]
      ]
    },
    "eks_cluster_endpoint": {
      "value": "https://6B55DDAD7448D873B7890014D814102D.gr7.us-east-2.eks.amazonaws.com",
      "type": "string"
    }
  },
  "resources": [
    {
      "mode": "managed",
      "type": "aws_eks_cluster",
      "name": "aws_eks",
      "provider": "provider.aws",
      "instances": [
        {
          "schema_version": 0,
          "attributes": {
            "arn": "arn:aws:eks:us-east-2:837602901840:cluster/eks_cluster_test",
            "certificate_authority": [
              {
                "data": "LS0tLS1CRUdJTiBDRVJUSUZJQ0FURS0tLS0tCk1JSUN5RENDQWJDZ0F3SUJBZ0lCQURBTkJna3Foa2lHOXcwQkFRc0ZBREFWTVJNd0VRWURWUVFERXdwcmRXSmwKY201bGRHVnpNQjRYRFRJd01URXhNREU0TlRNeU0xb1hEVE13TVRFd09ERTROVE15TTFvd0ZURVRNQkVHQTFVRQpBeE1LYTNWaVpYSnVaWFJsY3pDQ0FTSXdEUVlKS29aSWh2Y05BUUVCQlFBRGdnRVBBRENDQVFvQ2dnRUJBTmNwCkZoNXJwaCtSZk44bVpQS2FFYzRyZnNtWnJ2K2tweGRHUHJxazdwUHA1cjcwRlZIZU55dTI1dS9XWjMzS2g4VmYKS0t6cXY3Zzk2Y2ZCUWJOamx1RmlNRk1LcEN5VTZNY0xnTGtTdEt0Tnc5YTFxOEZNRXJlN1RGa3VLR3NXMkZ6MwpibS9ETVFHNFhiNXQ4WUhvSEREdXpTbGJhcW1DakRTTEtvR3ZCQyt6Mnpid0RISGJRcXNudGdJbzNpZ1NWY1laCi9vN3dGTE5ZR2hXY09oaDcwQTlhbFdaT21EZmg3bEFZbGJQMStVQWRvUmIyOFBUN1BTcXRWbEtFK0xqTlRUM2MKZHlqaUM1Z3pLdENYM2tHeWNrZ01EVDFmTzc2TlNtYm9YZFk3OWZ0WnhoaTJuMW1qdncxMGliZUZGMkFoUTlqZAp4YWRYT1ZYZ3dkZDhHelFVY2cwQ0F3RUFBYU1qTUNFd0RnWURWUjBQQVFIL0JBUURBZ0trTUE4R0ExVWRFd0VCCi93UUZNQU1CQWY4d0RRWUpLb1pJaHZjTkFRRUxCUUFEZ2dFQkFEc3RsVTVMVThOdGpoNkh0MlFpUldHdkNPTHkKTE92U3VsYlc3eU8vUng0bk5qUklRZloxR3dMWkVtazNLV3l6MDVVM0o5SC9aV21FYkNvU3o1M0tLSHlRR3AxdQpzU1NWYmhod1lDdG9qMTM4Z2QrZldJWVJibFdTaXVkcVNrdy8wMzlvZ3FsckRoM05VS0M5REdYMTlGRzNJVHpxCjdkVGo4S2NxYllBWEtyL0RIYVFEY3FDR3p6eWh4bFdkUDJlN0M5b0YrSm9zYUROcHNuQ1VydkVXcExPZkEvblQKTkkrSnpDN1pONFNKSGxaV2Z5Q3B3UWgyR1pCWUV6RnBPeUNWZ1FFMzNWTytCemQ3Y2xVbzd2U2U1NUxESTkwdApuV1dVTmVJTnh5Z0dPOHlnT1V4b2FOTXZwSzB5SG1ldCtHWVI1aWF2S2cxd25vTVVRdlU1aDNCZG4yWT0KLS0tLS1FTkQgQ0VSVElGSUNBVEUtLS0tLQo="
              }
            ],
            "created_at": "2020-11-10 18:44:14.529 +0000 UTC",
            "enabled_cluster_log_types": null,
            "encryption_config": [],
            "endpoint": "https://6B55DDAD7448D873B7890014D814102D.gr7.us-east-2.eks.amazonaws.com",
            "id": "eks_cluster_test",
            "identity": [
              {
                "oidc": [
                  {
                    "issuer": "https://oidc.eks.us-east-2.amazonaws.com/id/6B55DDAD7448D873B7890014D814102D"
                  }
                ]
              }
            ],
            "name": "eks_cluster_test",
            "platform_version": "eks.4",
            "role_arn": "arn:aws:iam::837602901840:role/eks-cluster",
            "status": "ACTIVE",
            "tags": {
              "Name": "EKS_test"
            },
            "timeouts": null,
            "version": "1.17",
            "vpc_config": [
              {
                "cluster_security_group_id": "sg-07b9176e099b1e97b",
                "endpoint_private_access": false,
                "endpoint_public_access": true,
                "public_access_cidrs": [
                  "0.0.0.0/0"
                ],
                "security_group_ids": null,
                "subnet_ids": [
                  "subnet-6f453823",
                  "subnet-bd479bd6"
                ],
                "vpc_id": "vpc-7765d11c"
              }
            ]
          },
          "private": "eyJlMmJmYjczMC1lY2FhLTExZTYtOGY4OC0zNDM2M2JjN2M0YzAiOnsiY3JlYXRlIjoxODAwMDAwMDAwMDAwLCJkZWxldGUiOjkwMDAwMDAwMDAwMCwidXBkYXRlIjozNjAwMDAwMDAwMDAwfX0=",
          "dependencies": [
            "aws_iam_role.eks_cluster"
          ]
        }
      ]
    },
    {
      "mode": "managed",
      "type": "aws_eks_node_group",
      "name": "node",
      "provider": "provider.aws",
      "instances": [
        {
          "schema_version": 0,
          "attributes": {
            "ami_type": "AL2_x86_64",
            "arn": "arn:aws:eks:us-east-2:837602901840:nodegroup/eks_cluster_test/node_test/a8bad9c2-6f5a-5210-6b2f-7222a99794ad",
            "cluster_name": "eks_cluster_test",
            "disk_size": 20,
            "force_update_version": null,
            "id": "eks_cluster_test:node_test",
            "instance_types": [
              "t3.medium"
            ],
            "labels": null,
            "launch_template": [],
            "node_group_name": "node_test",
            "node_role_arn": "arn:aws:iam::837602901840:role/eks-node-group-tuto",
            "release_version": "1.17.11-20201007",
            "remote_access": [],
            "resources": [
              {
                "autoscaling_groups": [
                  {
                    "name": "eks-a8bad9c2-6f5a-5210-6b2f-7222a99794ad"
                  }
                ],
                "remote_access_security_group_id": ""
              }
            ],
            "scaling_config": [
              {
                "desired_size": 1,
                "max_size": 1,
                "min_size": 1
              }
            ],
            "status": "ACTIVE",
            "subnet_ids": [
              "subnet-6f453823",
              "subnet-bd479bd6"
            ],
            "tags": null,
            "timeouts": null,
            "version": "1.17"
          },
          "private": "eyJlMmJmYjczMC1lY2FhLTExZTYtOGY4OC0zNDM2M2JjN2M0YzAiOnsiY3JlYXRlIjozNjAwMDAwMDAwMDAwLCJkZWxldGUiOjM2MDAwMDAwMDAwMDAsInVwZGF0ZSI6MzYwMDAwMDAwMDAwMH19",
          "dependencies": [
            "aws_eks_cluster.aws_eks",
            "aws_iam_role.eks_cluster",
            "aws_iam_role.eks_nodes",
            "aws_iam_role_policy_attachment.AmazonEC2ContainerRegistryReadOnly",
            "aws_iam_role_policy_attachment.AmazonEKSWorkerNodePolicy",
            "aws_iam_role_policy_attachment.AmazonEKS_CNI_Policy"
          ]
        }
      ]
    },
    {
      "mode": "managed",
      "type": "aws_iam_role",
      "name": "eks_cluster",
      "provider": "provider.aws",
      "instances": [
        {
          "schema_version": 0,
          "attributes": {
            "arn": "arn:aws:iam::837602901840:role/eks-cluster",
            "assume_role_policy": "{\"Version\":\"2012-10-17\",\"Statement\":[{\"Effect\":\"Allow\",\"Principal\":{\"Service\":\"eks.amazonaws.com\"},\"Action\":\"sts:AssumeRole\"}]}",
            "create_date": "2020-11-10T18:18:24Z",
            "description": "",
            "force_detach_policies": false,
            "id": "eks-cluster",
            "max_session_duration": 3600,
            "name": "eks-cluster",
            "name_prefix": null,
            "path": "/",
            "permissions_boundary": null,
            "tags": {},
            "unique_id": "AROA4GBIF75IMVOJNWHDR"
          },
          "private": "bnVsbA=="
        }
      ]
    },
    {
      "mode": "managed",
      "type": "aws_iam_role",
      "name": "eks_nodes",
      "provider": "provider.aws",
      "instances": [
        {
          "schema_version": 0,
          "attributes": {
            "arn": "arn:aws:iam::837602901840:role/eks-node-group-tuto",
            "assume_role_policy": "{\"Version\":\"2012-10-17\",\"Statement\":[{\"Effect\":\"Allow\",\"Principal\":{\"Service\":\"ec2.amazonaws.com\"},\"Action\":\"sts:AssumeRole\"}]}",
            "create_date": "2020-11-10T18:18:24Z",
            "description": "",
            "force_detach_policies": false,
            "id": "eks-node-group-tuto",
            "max_session_duration": 3600,
            "name": "eks-node-group-tuto",
            "name_prefix": null,
            "path": "/",
            "permissions_boundary": null,
            "tags": {},
            "unique_id": "AROA4GBIF75IDPTK4UEE4"
          },
          "private": "bnVsbA=="
        }
      ]
    },
    {
      "mode": "managed",
      "type": "aws_iam_role_policy_attachment",
      "name": "AmazonEC2ContainerRegistryReadOnly",
      "provider": "provider.aws",
      "instances": [
        {
          "schema_version": 0,
          "attributes": {
            "id": "eks-node-group-tuto-20201110181825803200000004",
            "policy_arn": "arn:aws:iam::aws:policy/AmazonEC2ContainerRegistryReadOnly",
            "role": "eks-node-group-tuto"
          },
          "private": "bnVsbA==",
          "dependencies": [
            "aws_iam_role.eks_nodes"
          ]
        }
      ]
    },
    {
      "mode": "managed",
      "type": "aws_iam_role_policy_attachment",
      "name": "AmazonEKSClusterPolicy",
      "provider": "provider.aws",
      "instances": [
        {
          "schema_version": 0,
          "attributes": {
            "id": "eks-cluster-20201110181825698300000001",
            "policy_arn": "arn:aws:iam::aws:policy/AmazonEKSClusterPolicy",
            "role": "eks-cluster"
          },
          "private": "bnVsbA==",
          "dependencies": [
            "aws_iam_role.eks_cluster"
          ]
        }
      ]
    },
    {
      "mode": "managed",
      "type": "aws_iam_role_policy_attachment",
      "name": "AmazonEKSServicePolicy",
      "provider": "provider.aws",
      "instances": [
        {
          "schema_version": 0,
          "attributes": {
            "id": "eks-cluster-20201110181825794500000003",
            "policy_arn": "arn:aws:iam::aws:policy/AmazonEKSServicePolicy",
            "role": "eks-cluster"
          },
          "private": "bnVsbA==",
          "dependencies": [
            "aws_iam_role.eks_cluster"
          ]
        }
      ]
    },
    {
      "mode": "managed",
      "type": "aws_iam_role_policy_attachment",
      "name": "AmazonEKSWorkerNodePolicy",
      "provider": "provider.aws",
      "instances": [
        {
          "schema_version": 0,
          "attributes": {
            "id": "eks-node-group-tuto-20201110181825788100000002",
            "policy_arn": "arn:aws:iam::aws:policy/AmazonEKSWorkerNodePolicy",
            "role": "eks-node-group-tuto"
          },
          "private": "bnVsbA==",
          "dependencies": [
            "aws_iam_role.eks_nodes"
          ]
        }
      ]
    },
    {
      "mode": "managed",
      "type": "aws_iam_role_policy_attachment",
      "name": "AmazonEKS_CNI_Policy",
      "provider": "provider.aws",
      "instances": [
        {
          "schema_version": 0,
          "attributes": {
            "id": "eks-node-group-tuto-20201110181825833300000005",
            "policy_arn": "arn:aws:iam::aws:policy/AmazonEKS_CNI_Policy",
            "role": "eks-node-group-tuto"
          },
          "private": "bnVsbA==",
          "dependencies": [
            "aws_iam_role.eks_nodes"
          ]
        }
      ]
    }
  ]
}
